
Microsoft Visual Studio Solution File, Format Version 12.00
# Visual Studio 15
VisualStudioVersion = 15.0.28307.1738
MinimumVisualStudioVersion = 10.0.40219.1
Project("{FAE04EC0-301F-11D3-BF4B-00C04F79EFBC}") = "CrudApplicationDataFirst", "CrudApplicationDataFirst\CrudApplicationDataFirst.csproj", "{D0FAB953-7D72-46B9-8AFF-344AB87190A6}"
EndProject
Global
	GlobalSection(SolutionConfigurationPlatforms) = preSolution
		Debug|Any CPU = Debug|Any CPU
		Release|Any CPU = Release|Any CPU
	EndGlobalSection
	GlobalSection(ProjectConfigurationPlatforms) = postSolution
		{D0FAB953-7D72-46B9-8AFF-344AB87190A6}.Debug|Any CPU.ActiveCfg = Debug|Any CPU
		{D0FAB953-7D72-46B9-8AFF-344AB87190A6}.Debug|Any CPU.Build.0 = Debug|Any CPU
		{D0FAB953-7D72-46B9-8AFF-344AB87190A6}.Release|Any CPU.ActiveCfg = Release|Any CPU
		{D0FAB953-7D72-46B9-8AFF-344AB87190A6}.Release|Any CPU.Build.0 = Release|Any CPU
	EndGlobalSection
	GlobalSection(SolutionProperties) = preSolution
		HideSolutionNode = FALSE
	EndGlobalSection
	GlobalSection(ExtensibilityGlobals) = postSolution
		SolutionGuid = {84537BDB-5E06-4A15-A0C7-62B29E4BB03B}
	EndGlobalSection
EndGlobal
